
Microsoft Visual Studio Solution File, Format Version 12.00
# Visual Studio Version 17
VisualStudioVersion = 17.2.32616.157
MinimumVisualStudioVersion = 10.0.40219.1
Project("{9A19103F-16F7-4668-BE54-9A1E7A4F7556}") = "Detrav.Launcher.Server", "Detrav.Launcher.Server\Detrav.Launcher.Server.csproj", "{EDC7A370-8EF4-445B-A8C5-AE8E0D5E1AF4}"
EndProject
Project("{9A19103F-16F7-4668-BE54-9A1E7A4F7556}") = "Detrav.Launcher.Uploader", "Detrav.Launcher.Uploader\Detrav.Launcher.Uploader.csproj", "{E8C0D5EF-7E50-4E57-B360-29CD1290E97F}"
EndProject
Project("{9A19103F-16F7-4668-BE54-9A1E7A4F7556}") = "Detrav.Launcher.Client", "Detrav.Launcher.Client\Detrav.Launcher.Client.csproj", "{7BDD95C8-9F87-448E-BE8E-F7E8D075DD71}"
EndProject
Project("{FAE04EC0-301F-11D3-BF4B-00C04F79EFBC}") = "Detrav.Launcher.Client.Launcher", "Detrav.Launcher.Client.Launcher\Detrav.Launcher.Client.Launcher.csproj", "{1DE34673-BD11-4981-91F8-76E2B1217C6A}"
EndProject
Project("{FAE04EC0-301F-11D3-BF4B-00C04F79EFBC}") = "Detrav.Launcher.ClientAvalonia", "Detrav.Launcher.ClientAvalonia\Detrav.Launcher.ClientAvalonia.csproj", "{EC5B9A70-87C3-4E64-AC24-2B18FBAAF885}"
EndProject
Global
	GlobalSection(SolutionConfigurationPlatforms) = preSolution
		Debug|Any CPU = Debug|Any CPU
		Release|Any CPU = Release|Any CPU
	EndGlobalSection
	GlobalSection(ProjectConfigurationPlatforms) = postSolution
		{EDC7A370-8EF4-445B-A8C5-AE8E0D5E1AF4}.Debug|Any CPU.ActiveCfg = Debug|Any CPU
		{EDC7A370-8EF4-445B-A8C5-AE8E0D5E1AF4}.Debug|Any CPU.Build.0 = Debug|Any CPU
		{EDC7A370-8EF4-445B-A8C5-AE8E0D5E1AF4}.Release|Any CPU.ActiveCfg = Release|Any CPU
		{EDC7A370-8EF4-445B-A8C5-AE8E0D5E1AF4}.Release|Any CPU.Build.0 = Release|Any CPU
		{E8C0D5EF-7E50-4E57-B360-29CD1290E97F}.Debug|Any CPU.ActiveCfg = Debug|Any CPU
		{E8C0D5EF-7E50-4E57-B360-29CD1290E97F}.Debug|Any CPU.Build.0 = Debug|Any CPU
		{E8C0D5EF-7E50-4E57-B360-29CD1290E97F}.Release|Any CPU.ActiveCfg = Release|Any CPU
		{E8C0D5EF-7E50-4E57-B360-29CD1290E97F}.Release|Any CPU.Build.0 = Release|Any CPU
		{7BDD95C8-9F87-448E-BE8E-F7E8D075DD71}.Debug|Any CPU.ActiveCfg = Debug|Any CPU
		{7BDD95C8-9F87-448E-BE8E-F7E8D075DD71}.Debug|Any CPU.Build.0 = Debug|Any CPU
		{7BDD95C8-9F87-448E-BE8E-F7E8D075DD71}.Release|Any CPU.ActiveCfg = Release|Any CPU
		{7BDD95C8-9F87-448E-BE8E-F7E8D075DD71}.Release|Any CPU.Build.0 = Release|Any CPU
		{1DE34673-BD11-4981-91F8-76E2B1217C6A}.Debug|Any CPU.ActiveCfg = Debug|Any CPU
		{1DE34673-BD11-4981-91F8-76E2B1217C6A}.Debug|Any CPU.Build.0 = Debug|Any CPU
		{1DE34673-BD11-4981-91F8-76E2B1217C6A}.Release|Any CPU.ActiveCfg = Release|Any CPU
		{1DE34673-BD11-4981-91F8-76E2B1217C6A}.Release|Any CPU.Build.0 = Release|Any CPU
		{EC5B9A70-87C3-4E64-AC24-2B18FBAAF885}.Debug|Any CPU.ActiveCfg = Debug|Any CPU
		{EC5B9A70-87C3-4E64-AC24-2B18FBAAF885}.Debug|Any CPU.Build.0 = Debug|Any CPU
		{EC5B9A70-87C3-4E64-AC24-2B18FBAAF885}.Release|Any CPU.ActiveCfg = Release|Any CPU
		{EC5B9A70-87C3-4E64-AC24-2B18FBAAF885}.Release|Any CPU.Build.0 = Release|Any CPU
	EndGlobalSection
	GlobalSection(SolutionProperties) = preSolution
		HideSolutionNode = FALSE
	EndGlobalSection
	GlobalSection(ExtensibilityGlobals) = postSolution
		SolutionGuid = {05534418-EDCF-4B48-9CFC-7DEFD57F16D5}
	EndGlobalSection
EndGlobal
